
Microsoft Visual Studio Solution File, Format Version 12.00
# Visual Studio Version 17
VisualStudioVersion = 17.0.31903.59
MinimumVisualStudioVersion = 10.0.40219.1
Project("{FAE04EC0-301F-11D3-BF4B-00C04F79EFBC}") = "BrokerPortalApi", "src\BrokerPortalApi.csproj", "{6F597B60-B357-417B-8022-DCD02B16B0AA}"
EndProject
Project("{FAE04EC0-301F-11D3-BF4B-00C04F79EFBC}") = "BrokerPortalApi.Tests", "tests\BrokerPortalApi.Tests.csproj", "{2ADA94B3-33DC-4204-AFBF-31DF40AA56E7}"
EndProject
Global
	GlobalSection(SolutionConfigurationPlatforms) = preSolution
		Debug|Any CPU = Debug|Any CPU
		Release|Any CPU = Release|Any CPU
	EndGlobalSection
	GlobalSection(SolutionProperties) = preSolution
		HideSolutionNode = FALSE
	EndGlobalSection
	GlobalSection(ProjectConfigurationPlatforms) = postSolution
		{6F597B60-B357-417B-8022-DCD02B16B0AA}.Debug|Any CPU.ActiveCfg = Debug|Any CPU
		{6F597B60-B357-417B-8022-DCD02B16B0AA}.Debug|Any CPU.Build.0 = Debug|Any CPU
		{6F597B60-B357-417B-8022-DCD02B16B0AA}.Release|Any CPU.ActiveCfg = Release|Any CPU
		{6F597B60-B357-417B-8022-DCD02B16B0AA}.Release|Any CPU.Build.0 = Release|Any CPU
		{2ADA94B3-33DC-4204-AFBF-31DF40AA56E7}.Debug|Any CPU.ActiveCfg = Debug|Any CPU
		{2ADA94B3-33DC-4204-AFBF-31DF40AA56E7}.Debug|Any CPU.Build.0 = Debug|Any CPU
		{2ADA94B3-33DC-4204-AFBF-31DF40AA56E7}.Release|Any CPU.ActiveCfg = Release|Any CPU
		{2ADA94B3-33DC-4204-AFBF-31DF40AA56E7}.Release|Any CPU.Build.0 = Release|Any CPU
	EndGlobalSection
EndGlobal
